# This file is autogenerated, do not edit; changes may be undone by the next 'dep ensure'.


[[projects]]
  digest = "1:77015b9d90c7b8745e0a2e03c4a8ee60299f9266c003b3fda35c848bd930c106"
  name = "github.com/octogo/dict"
  packages = ["."]
  pruneopts = "UT"
  revision = "c795f98d3d3304f56f6bbb99ae5a6fed7c2d811b"
  version = "0.1.0"

[[projects]]
  digest = "1:ba4592f82cecd34fa92b24d2ec724968533f9ac44e273991be3c0c5635072620"
  name = "github.com/octogo/log"
  packages = ["."]
  pruneopts = "UT"
  revision = "bbcad7b8552f02199a394274a141c50968333ee1"
  version = "0.1.1"

[[projects]]
  digest = "1:a7f64ae9ac8378e4725a16f8f2bd9d27e0d17c1cdc82ea4f9e7878a81bfecb81"
  name = "github.com/octogo/rate"
  packages = [
    ".",
    "meter",
  ]
  pruneopts = "UT"
  revision = "98a2783f8ad583bbece942d821b4cffc64158bd9"
  version = "0.1.0"

[[projects]]
  digest = "1:cf31692c14422fa27c83a05292eb5cbe0fb2775972e8f1f8446a71549bd8980b"
  name = "github.com/pkg/errors"
  packages = ["."]
  pruneopts = "UT"
  revision = "ba968bfe8b2f7e042a574c888954fccecfa385b4"
  version = "v0.8.1"

[[projects]]
  branch = "master"
  digest = "1:bbe51412d9915d64ffaa96b51d409e070665efc5194fcf145c4a27d4133107a4"
  name = "golang.org/x/crypto"
  packages = ["ssh/terminal"]
  pruneopts = "UT"
  revision = "22d7a77e9e5f409e934ed268692e56707cd169e5"

[[projects]]
  branch = "master"
  digest = "1:160e165ef13917405d1ebfde865cb9c292b8635f83655e3932662d5586d300ee"
  name = "golang.org/x/sys"
  packages = [
    "unix",
    "windows",
  ]
  pruneopts = "UT"
  revision = "c432e742b0af385916e013f6a34e9e73d139cf82"

[solve-meta]
  analyzer-name = "dep"
  analyzer-version = 1
  input-imports = [
    "github.com/octogo/dict",
    "github.com/octogo/log",
    "github.com/octogo/rate",
  ]
  solver-name = "gps-cdcl"
  solver-version = 1
